
Microsoft Visual Studio Solution File, Format Version 12.00
# Visual Studio Version 16
VisualStudioVersion = 16.0.31515.178
MinimumVisualStudioVersion = 10.0.40219.1
Project("{FAE04EC0-301F-11D3-BF4B-00C04F79EFBC}") = "IOL.CodingChallenge.Model", "IOL.CodingChallenge.Modelo\IOL.CodingChallenge.Model.csproj", "{D22165FE-41D8-486A-963A-629319A6DF19}"
EndProject
Project("{9A19103F-16F7-4668-BE54-9A1E7A4F7556}") = "IOL.CodingChallenge.TestsSuite", "IOL.CodingChallenge.TestsSuite\IOL.CodingChallenge.TestsSuite.csproj", "{032FAD30-0951-4D3D-8F2D-3F89D9014453}"
EndProject
Global
	GlobalSection(SolutionConfigurationPlatforms) = preSolution
		Debug|Any CPU = Debug|Any CPU
		Release|Any CPU = Release|Any CPU
	EndGlobalSection
	GlobalSection(ProjectConfigurationPlatforms) = postSolution
		{D22165FE-41D8-486A-963A-629319A6DF19}.Debug|Any CPU.ActiveCfg = Debug|Any CPU
		{D22165FE-41D8-486A-963A-629319A6DF19}.Debug|Any CPU.Build.0 = Debug|Any CPU
		{D22165FE-41D8-486A-963A-629319A6DF19}.Release|Any CPU.ActiveCfg = Release|Any CPU
		{D22165FE-41D8-486A-963A-629319A6DF19}.Release|Any CPU.Build.0 = Release|Any CPU
		{032FAD30-0951-4D3D-8F2D-3F89D9014453}.Debug|Any CPU.ActiveCfg = Debug|Any CPU
		{032FAD30-0951-4D3D-8F2D-3F89D9014453}.Debug|Any CPU.Build.0 = Debug|Any CPU
		{032FAD30-0951-4D3D-8F2D-3F89D9014453}.Release|Any CPU.ActiveCfg = Release|Any CPU
		{032FAD30-0951-4D3D-8F2D-3F89D9014453}.Release|Any CPU.Build.0 = Release|Any CPU
	EndGlobalSection
	GlobalSection(SolutionProperties) = preSolution
		HideSolutionNode = FALSE
	EndGlobalSection
	GlobalSection(ExtensibilityGlobals) = postSolution
		SolutionGuid = {27B1CFC0-7F04-47D3-832A-7FE7FF365232}
	EndGlobalSection
EndGlobal
